
Microsoft Visual Studio Solution File, Format Version 12.00
# Visual Studio 15
VisualStudioVersion = 15.0.28307.421
MinimumVisualStudioVersion = 10.0.40219.1
Project("{FAE04EC0-301F-11D3-BF4B-00C04F79EFBC}") = "PaypalRestCheckOut", "PaypalRestCheckOut\PaypalRestCheckOut.csproj", "{A0DE86BA-E51B-4222-A4C4-B2360B60E072}"
EndProject
Global
	GlobalSection(SolutionConfigurationPlatforms) = preSolution
		Debug|Any CPU = Debug|Any CPU
		Release|Any CPU = Release|Any CPU
	EndGlobalSection
	GlobalSection(ProjectConfigurationPlatforms) = postSolution
		{A0DE86BA-E51B-4222-A4C4-B2360B60E072}.Debug|Any CPU.ActiveCfg = Debug|Any CPU
		{A0DE86BA-E51B-4222-A4C4-B2360B60E072}.Debug|Any CPU.Build.0 = Debug|Any CPU
		{A0DE86BA-E51B-4222-A4C4-B2360B60E072}.Release|Any CPU.ActiveCfg = Release|Any CPU
		{A0DE86BA-E51B-4222-A4C4-B2360B60E072}.Release|Any CPU.Build.0 = Release|Any CPU
	EndGlobalSection
	GlobalSection(SolutionProperties) = preSolution
		HideSolutionNode = FALSE
	EndGlobalSection
	GlobalSection(ExtensibilityGlobals) = postSolution
		SolutionGuid = {28F1626D-1040-48AB-BAFF-13145B0EC7B9}
	EndGlobalSection
EndGlobal
